
Microsoft Visual Studio Solution File, Format Version 12.00
Project("{FAE04EC0-301F-11D3-BF4B-00C04F79EFBC}") = "roslyn", "roslyn\roslyn.csproj", "{ADF0E45D-C77A-4CBF-BF58-D3F01B958592}"
EndProject
Global
	GlobalSection(SolutionConfigurationPlatforms) = preSolution
		Debug|Any CPU = Debug|Any CPU
		Release|Any CPU = Release|Any CPU
	EndGlobalSection
	GlobalSection(ProjectConfigurationPlatforms) = postSolution
		{ADF0E45D-C77A-4CBF-BF58-D3F01B958592}.Debug|Any CPU.ActiveCfg = Debug|Any CPU
		{ADF0E45D-C77A-4CBF-BF58-D3F01B958592}.Debug|Any CPU.Build.0 = Debug|Any CPU
		{ADF0E45D-C77A-4CBF-BF58-D3F01B958592}.Release|Any CPU.ActiveCfg = Release|Any CPU
		{ADF0E45D-C77A-4CBF-BF58-D3F01B958592}.Release|Any CPU.Build.0 = Release|Any CPU
	EndGlobalSection
EndGlobal
